
Microsoft Visual Studio Solution File, Format Version 12.00
Project("{FAE04EC0-301F-11D3-BF4B-00C04F79EFBC}") = "AutoFixture.Attributes.Tests", "AutoFixture.Attributes.Tests\AutoFixture.Attributes.Tests.csproj", "{5612B938-1D4E-40D3-803C-586BF8739AFE}"
EndProject
Project("{2150E333-8FDC-42A3-9474-1A3956D46DE8}") = "Build", "Build", "{BA9BCD04-3E5E-423B-8344-E1229B4196A7}"
	ProjectSection(SolutionItems) = preProject
		Directory.Packages.props = Directory.Packages.props
	EndProjectSection
EndProject
Global
	GlobalSection(SolutionConfigurationPlatforms) = preSolution
		Debug|Any CPU = Debug|Any CPU
		Release|Any CPU = Release|Any CPU
	EndGlobalSection
	GlobalSection(ProjectConfigurationPlatforms) = postSolution
		{5612B938-1D4E-40D3-803C-586BF8739AFE}.Debug|Any CPU.ActiveCfg = Debug|Any CPU
		{5612B938-1D4E-40D3-803C-586BF8739AFE}.Debug|Any CPU.Build.0 = Debug|Any CPU
		{5612B938-1D4E-40D3-803C-586BF8739AFE}.Release|Any CPU.ActiveCfg = Release|Any CPU
		{5612B938-1D4E-40D3-803C-586BF8739AFE}.Release|Any CPU.Build.0 = Release|Any CPU
	EndGlobalSection
EndGlobal
